Microsoft Visual Studio Solution File, Format Version 12.00
# Visual Studio Version 17
VisualStudioVersion = 17.5.2.0
MinimumVisualStudioVersion = 10.0.40219.1
Project("{FAE04EC0-301F-11D3-BF4B-00C04F79EFBC}") = "CarSimulator", "CarSimulator\CarSimulator.csproj", "{9EC901D9-A318-3894-D208-DA09AEA5E613}"
EndProject
Global
	GlobalSection(SolutionConfigurationPlatforms) = preSolution
		Debug|Any CPU = Debug|Any CPU
		Release|Any CPU = Release|Any CPU
	EndGlobalSection
	GlobalSection(ProjectConfigurationPlatforms) = postSolution
		{9EC901D9-A318-3894-D208-DA09AEA5E613}.Debug|Any CPU.ActiveCfg = Debug|Any CPU
		{9EC901D9-A318-3894-D208-DA09AEA5E613}.Debug|Any CPU.Build.0 = Debug|Any CPU
		{9EC901D9-A318-3894-D208-DA09AEA5E613}.Release|Any CPU.ActiveCfg = Release|Any CPU
		{9EC901D9-A318-3894-D208-DA09AEA5E613}.Release|Any CPU.Build.0 = Release|Any CPU
	EndGlobalSection
	GlobalSection(SolutionProperties) = preSolution
		HideSolutionNode = FALSE
	EndGlobalSection
	GlobalSection(ExtensibilityGlobals) = postSolution
		SolutionGuid = {11E63606-2EC2-4717-849A-5CD70754A878}
	EndGlobalSection
EndGlobal
